// !$*UTF8*$!
{
	archiveVersion = 1;
	classes = {
	};
	objectVersion = 56;
	objects = {

/* Begin PBXBuildFile section */
		A00000000000000000005001 /* AppDelegate.swift in Sources */ = {isa = PBXBuildFile; fileRef = A00000000000000000004001 /* AppDelegate.swift */; };
		A00000000000000000005002 /* GameViewController.swift in Sources */ = {isa = PBXBuildFile; fileRef = A00000000000000000004002 /* GameViewController.swift */; };
		A00000000000000000005003 /* Mobile.xcframework in Frameworks */ = {isa = PBXBuildFile; fileRef = A00000000000000000004004 /* Mobile.xcframework */; };
		A00000000000000000005004 /* Mobile.xcframework in Embed Frameworks */ = {isa = PBXBuildFile; fileRef = A00000000000000000004004 /* Mobile.xcframework */; settings = {ATTRIBUTES = (CodeSignOnCopy, RemoveHeadersOnCopy, ); }; };
/* End PBXBuildFile section */

/* Begin PBXCopyFilesBuildPhase section */
		A00000000000000000003004 /* Embed Frameworks */ = {
			isa = PBXCopyFilesBuildPhase;
			buildActionMask = 2147483647;
			dstPath = "";
			dstSubfolderSpec = 10;
			files = (
				A00000000000000000005004 /* Mobile.xcframework in Embed Frameworks */,
			);
			name = "Embed Frameworks";
			runOnlyForDeploymentPostprocessing = 0;
		};
/* End PBXCopyFilesBuildPhase section */

/* Begin PBXFileReference section */
		A00000000000000000004001 /* AppDelegate.swift */ = {isa = PBXFileReference; lastKnownFileType = sourcecode.swift; path = AppDelegate.swift; sourceTree = "<group>"; };
		A00000000000000000004002 /* GameViewController.swift */ = {isa = PBXFileReference; lastKnownFileType = sourcecode.swift; path = GameViewController.swift; sourceTree = "<group>"; };
		A00000000000000000004003 /* Info.plist */ = {isa = PBXFileReference; lastKnownFileType = text.plist.xml; path = Info.plist; sourceTree = "<group>"; };
		A00000000000000000004004 /* Mobile.xcframework */ = {isa = PBXFileReference; lastKnownFileType = wrapper.xcframework; name = Mobile.xcframework; path = ../dist/Mobile.xcframework; sourceTree = "<group>"; };
		A00000000000000000004005 /* CarPen.app */ = {isa = PBXFileReference; explicitFileType = wrapper.application; includeInIndex = 0; path = CarPen.app; sourceTree = BUILT_PRODUCTS_DIR; };
/* End PBXFileReference section */

/* Begin PBXFrameworksBuildPhase section */
		A00000000000000000003002 /* Frameworks */ = {
			isa = PBXFrameworksBuildPhase;
			buildActionMask = 2147483647;
			files = (
				A00000000000000000005003 /* Mobile.xcframework in Frameworks */,
			);
			runOnlyForDeploymentPostprocessing = 0;
		};
/* End PBXFrameworksBuildPhase section */

/* Begin PBXGroup section */
		A00000000000000000001001 = {
			isa = PBXGroup;
			children = (
				A00000000000000000001003 /* CarPen */,
				A00000000000000000001004 /* Frameworks */,
				A00000000000000000001002 /* Products */,
			);
			sourceTree = "<group>";
		};
		A00000000000000000001002 /* Products */ = {
			isa = PBXGroup;
			children = (
				A00000000000000000004005 /* CarPen.app */,
			);
			name = Products;
			sourceTree = "<group>";
		};
		A00000000000000000001003 /* CarPen */ = {
			isa = PBXGroup;
			children = (
				A00000000000000000004001 /* AppDelegate.swift */,
				A00000000000000000004002 /* GameViewController.swift */,
				A00000000000000000004003 /* Info.plist */,
			);
			path = CarPen;
			sourceTree = "<group>";
		};
		A00000000000000000001004 /* Frameworks */ = {
			isa = PBXGroup;
			children = (
				A00000000000000000004004 /* Mobile.xcframework */,
			);
			name = Frameworks;
			sourceTree = "<group>";
		};
/* End PBXGroup section */

/* Begin PBXNativeTarget section */
		A00000000000000000002001 /* CarPen */ = {
			isa = PBXNativeTarget;
			buildConfigurationList = A00000000000000000006002 /* Build configuration list for PBXNativeTarget "CarPen" */;
			buildPhases = (
				A00000000000000000003001 /* Sources */,
				A00000000000000000003002 /* Frameworks */,
				A00000000000000000003003 /* Resources */,
				A00000000000000000003004 /* Embed Frameworks */,
			);
			buildRules = (
			);
			dependencies = (
			);
			name = CarPen;
			productName = CarPen;
			productReference = A00000000000000000004005 /* CarPen.app */;
			productType = "com.apple.product-type.application";
		};
/* End PBXNativeTarget section */

/* Begin PBXProject section */
		A00000000000000000001000 /* Project object */ = {
			isa = PBXProject;
			attributes = {
				BuildIndependentTargetsInParallel = 1;
				LastUpgradeCheck = 1600;
				TargetAttributes = {
					A00000000000000000002001 = {
						CreatedOnToolsVersion = 16.0;
					};
				};
			};
			buildConfigurationList = A00000000000000000006001 /* Build configuration list for PBXProject "CarPen" */;
			compatibilityVersion = "Xcode 14.0";
			developmentRegion = en;
			hasScannedForEncodings = 0;
			knownRegions = (
				en,
				Base,
			);
			mainGroup = A00000000000000000001001;
			productRefGroup = A00000000000000000001002 /* Products */;
			projectDirPath = "";
			projectRoot = "";
			targets = (
				A00000000000000000002001 /* CarPen */,
			);
		};
/* End PBXProject section */

/* Begin PBXResourcesBuildPhase section */
		A00000000000000000003003 /* Resources */ = {
			isa = PBXResourcesBuildPhase;
			buildActionMask = 2147483647;
			files = (
			);
			runOnlyForDeploymentPostprocessing = 0;
		};
/* End PBXResourcesBuildPhase section */

/* Begin PBXSourcesBuildPhase section */
		A00000000000000000003001 /* Sources */ = {
			isa = PBXSourcesBuildPhase;
			buildActionMask = 2147483647;
			files = (
				A00000000000000000005002 /* GameViewController.swift in Sources */,
				A00000000000000000005001 /* AppDelegate.swift in Sources */,
			);
			runOnlyForDeploymentPostprocessing = 0;
		};
/* End PBXSourcesBuildPhase section */

/* Begin XCBuildConfiguration section */
		A00000000000000000006003 /* Debug */ = {
			isa = XCBuildConfiguration;
			buildSettings = {
				CLANG_ENABLE_MODULES = YES;
				CLANG_ENABLE_OBJC_ARC = YES;
				COPY_PHASE_STRIP = NO;
				DEBUG_INFORMATION_FORMAT = dwarf;
				ENABLE_STRICT_OBJC_MSGSEND = YES;
				ENABLE_TESTABILITY = YES;
				GCC_OPTIMIZATION_LEVEL = 0;
				GCC_PREPROCESSOR_DEFINITIONS = (
					"DEBUG=1",
					"$(inherited)",
				);
				IPHONEOS_DEPLOYMENT_TARGET = 15.0;
				MTL_ENABLE_DEBUG_INFO = INCLUDE_SOURCE;
				MTL_FAST_MATH = YES;
				ONLY_ACTIVE_ARCH = YES;
				SDKROOT = iphoneos;
				SWIFT_ACTIVE_COMPILATION_CONDITIONS = DEBUG;
				SWIFT_OPTIMIZATION_LEVEL = "-Onone";
			};
			name = Debug;
		};
		A00000000000000000006004 /* Release */ = {
			isa = XCBuildConfiguration;
			buildSettings = {
				CLANG_ENABLE_MODULES = YES;
				CLANG_ENABLE_OBJC_ARC = YES;
				COPY_PHASE_STRIP = NO;
				DEBUG_INFORMATION_FORMAT = "dwarf-with-dsym";
				ENABLE_NS_ASSERTIONS = NO;
				ENABLE_STRICT_OBJC_MSGSEND = YES;
				IPHONEOS_DEPLOYMENT_TARGET = 15.0;
				MTL_ENABLE_DEBUG_INFO = NO;
				MTL_FAST_MATH = YES;
				SDKROOT = iphoneos;
				SWIFT_COMPILATION_MODE = wholemodule;
				VALIDATE_PRODUCT = YES;
			};
			name = Release;
		};
		A00000000000000000006005 /* Debug */ = {
			isa = XCBuildConfiguration;
			buildSettings = {
				CODE_SIGN_STYLE = Automatic;
				CURRENT_PROJECT_VERSION = 1;
				DEVELOPMENT_TEAM = 6N9U35M27N;
				GENERATE_INFOPLIST_FILE = NO;
				INFOPLIST_FILE = CarPen/Info.plist;
				LD_RUNPATH_SEARCH_PATHS = (
					"$(inherited)",
					"@executable_path/Frameworks",
				);
				MARKETING_VERSION = 0.1.0;
				OTHER_LDFLAGS = (
					"$(inherited)",
					"-framework",
					GameController,
				);
				PRODUCT_BUNDLE_IDENTIFIER = com.cmajid.carpen;
				PRODUCT_NAME = "$(TARGET_NAME)";
				SWIFT_EMIT_LOC_STRINGS = YES;
				SWIFT_VERSION = 5.0;
				TARGETED_DEVICE_FAMILY = "1,2";
			};
			name = Debug;
		};
		A00000000000000000006006 /* Release */ = {
			isa = XCBuildConfiguration;
			buildSettings = {
				CODE_SIGN_STYLE = Automatic;
				CURRENT_PROJECT_VERSION = 1;
				DEVELOPMENT_TEAM = 6N9U35M27N;
				GENERATE_INFOPLIST_FILE = NO;
				INFOPLIST_FILE = CarPen/Info.plist;
				LD_RUNPATH_SEARCH_PATHS = (
					"$(inherited)",
					"@executable_path/Frameworks",
				);
				MARKETING_VERSION = 0.1.0;
				OTHER_LDFLAGS = (
					"$(inherited)",
					"-framework",
					GameController,
				);
				PRODUCT_BUNDLE_IDENTIFIER = com.cmajid.carpen;
				PRODUCT_NAME = "$(TARGET_NAME)";
				SWIFT_EMIT_LOC_STRINGS = YES;
				SWIFT_VERSION = 5.0;
				TARGETED_DEVICE_FAMILY = "1,2";
			};
			name = Release;
		};
/* End XCBuildConfiguration section */

/* Begin XCConfigurationList section */
		A00000000000000000006001 /* Build configuration list for PBXProject "CarPen" */ = {
			isa = XCConfigurationList;
			buildConfigurations = (
				A00000000000000000006003 /* Debug */,
				A00000000000000000006004 /* Release */,
			);
			defaultConfigurationIsVisible = 0;
			defaultConfigurationName = Release;
		};
		A00000000000000000006002 /* Build configuration list for PBXNativeTarget "CarPen" */ = {
			isa = XCConfigurationList;
			buildConfigurations = (
				A00000000000000000006005 /* Debug */,
				A00000000000000000006006 /* Release */,
			);
			defaultConfigurationIsVisible = 0;
			defaultConfigurationName = Release;
		};
/* End XCConfigurationList section */
	};
	rootObject = A00000000000000000001000 /* Project object */;
}
